// !$*UTF8*$!
{
	archiveVersion = 1;
	classes = {
	};
	objectVersion = 77;
	objects = {

/* Begin PBXBuildFile section */
		A10000000000000000000001 /* MiraioDomain in Frameworks */ = {isa = PBXBuildFile; productRef = A10000000000000000000101 /* MiraioDomain */; };
		A10000000000000000000002 /* MiraioApplication in Frameworks */ = {isa = PBXBuildFile; productRef = A10000000000000000000102 /* MiraioApplication */; };
		A10000000000000000000003 /* Anime365Client in Frameworks */ = {isa = PBXBuildFile; productRef = A10000000000000000000103 /* Anime365Client */; };
		A10000000000000000000004 /* MiraioCredentials in Frameworks */ = {isa = PBXBuildFile; productRef = A10000000000000000000104 /* MiraioCredentials */; };
		A10000000000000000000005 /* MiraioWatchHistory in Frameworks */ = {isa = PBXBuildFile; productRef = A10000000000000000000105 /* MiraioWatchHistory */; };
		A10000000000000000000006 /* MiraioPlayback in Frameworks */ = {isa = PBXBuildFile; productRef = A10000000000000000000106 /* MiraioPlayback */; };
		A10000000000000000000007 /* MiraioASSRenderer in Frameworks */ = {isa = PBXBuildFile; productRef = A10000000000000000000107 /* MiraioASSRenderer */; };
		A10000000000000000000008 /* MiraioArtwork in Frameworks */ = {isa = PBXBuildFile; productRef = A10000000000000000000108 /* MiraioArtwork */; };
		A10000000000000000000009 /* MiraioApplication in Frameworks */ = {isa = PBXBuildFile; productRef = A10000000000000000000109 /* MiraioApplication */; };
/* End PBXBuildFile section */

/* Begin PBXContainerItemProxy section */
		927D147F303719810069C51D /* PBXContainerItemProxy */ = {
			isa = PBXContainerItemProxy;
			containerPortal = 927D1467303719810069C51D /* Project object */;
			proxyType = 1;
			remoteGlobalIDString = 927D146E303719810069C51D;
			remoteInfo = miraio;
		};
		927D1489303719810069C51D /* PBXContainerItemProxy */ = {
			isa = PBXContainerItemProxy;
			containerPortal = 927D1467303719810069C51D /* Project object */;
			proxyType = 1;
			remoteGlobalIDString = 927D146E303719810069C51D;
			remoteInfo = miraio;
		};
/* End PBXContainerItemProxy section */

/* Begin PBXFileReference section */
		A20000000000000000000001 /* Shared.xcconfig */ = {isa = PBXFileReference; lastKnownFileType = text.xcconfig; path = Shared.xcconfig; sourceTree = "<group>"; };
		A20000000000000000000002 /* Homebrew.xcconfig */ = {isa = PBXFileReference; lastKnownFileType = text.xcconfig; path = Homebrew.xcconfig; sourceTree = "<group>"; };
		A20000000000000000000003 /* Store.xcconfig */ = {isa = PBXFileReference; lastKnownFileType = text.xcconfig; path = Store.xcconfig; sourceTree = "<group>"; };
		A20000000000000000000004 /* Version.xcconfig */ = {isa = PBXFileReference; lastKnownFileType = text.xcconfig; path = Version.xcconfig; sourceTree = "<group>"; };
		927D146F303719810069C51D /* Miraio.app */ = {isa = PBXFileReference; explicitFileType = wrapper.application; includeInIndex = 0; path = Miraio.app; sourceTree = BUILT_PRODUCTS_DIR; };
		927D147E303719810069C51D /* miraioTests.xctest */ = {isa = PBXFileReference; explicitFileType = wrapper.cfbundle; includeInIndex = 0; path = miraioTests.xctest; sourceTree = BUILT_PRODUCTS_DIR; };
		927D1488303719810069C51D /* miraioUITests.xctest */ = {isa = PBXFileReference; explicitFileType = wrapper.cfbundle; includeInIndex = 0; path = miraioUITests.xctest; sourceTree = BUILT_PRODUCTS_DIR; };
/* End PBXFileReference section */

/* Begin PBXFileSystemSynchronizedRootGroup section */
		927D1471303719810069C51D /* miraio */ = {
			isa = PBXFileSystemSynchronizedRootGroup;
			path = miraio;
			sourceTree = "<group>";
		};
		927D1481303719810069C51D /* miraioTests */ = {
			isa = PBXFileSystemSynchronizedRootGroup;
			path = miraioTests;
			sourceTree = "<group>";
		};
		927D148B303719810069C51D /* miraioUITests */ = {
			isa = PBXFileSystemSynchronizedRootGroup;
			path = miraioUITests;
			sourceTree = "<group>";
		};
/* End PBXFileSystemSynchronizedRootGroup section */

/* Begin PBXFrameworksBuildPhase section */
		927D146C303719810069C51D /* Frameworks */ = {
			isa = PBXFrameworksBuildPhase;
			buildActionMask = 2147483647;
			files = (
				A10000000000000000000003 /* Anime365Client in Frameworks */,
				A10000000000000000000007 /* MiraioASSRenderer in Frameworks */,
				A10000000000000000000002 /* MiraioApplication in Frameworks */,
				A10000000000000000000008 /* MiraioArtwork in Frameworks */,
				A10000000000000000000004 /* MiraioCredentials in Frameworks */,
				A10000000000000000000001 /* MiraioDomain in Frameworks */,
				A10000000000000000000006 /* MiraioPlayback in Frameworks */,
				A10000000000000000000005 /* MiraioWatchHistory in Frameworks */,
			);
			runOnlyForDeploymentPostprocessing = 0;
		};
		927D147B303719810069C51D /* Frameworks */ = {
			isa = PBXFrameworksBuildPhase;
			buildActionMask = 2147483647;
			files = (
				A10000000000000000000009 /* MiraioApplication in Frameworks */,
			);
			runOnlyForDeploymentPostprocessing = 0;
		};
		927D1485303719810069C51D /* Frameworks */ = {
			isa = PBXFrameworksBuildPhase;
			buildActionMask = 2147483647;
			files = (
			);
			runOnlyForDeploymentPostprocessing = 0;
		};
/* End PBXFrameworksBuildPhase section */

/* Begin PBXGroup section */
		927D1466303719810069C51D = {
			isa = PBXGroup;
			children = (
				A20000000000000000000010 /* Configurations */,
				927D1471303719810069C51D /* miraio */,
				927D1481303719810069C51D /* miraioTests */,
				927D148B303719810069C51D /* miraioUITests */,
				927D1470303719810069C51D /* Products */,
			);
			sourceTree = "<group>";
		};
		A20000000000000000000010 /* Configurations */ = {
			isa = PBXGroup;
			children = (
				A20000000000000000000001 /* Shared.xcconfig */,
				A20000000000000000000002 /* Homebrew.xcconfig */,
				A20000000000000000000003 /* Store.xcconfig */,
				A20000000000000000000004 /* Version.xcconfig */,
			);
			path = Configurations;
			sourceTree = "<group>";
		};
		927D1470303719810069C51D /* Products */ = {
			isa = PBXGroup;
			children = (
				927D146F303719810069C51D /* Miraio.app */,
				927D147E303719810069C51D /* miraioTests.xctest */,
				927D1488303719810069C51D /* miraioUITests.xctest */,
			);
			name = Products;
			sourceTree = "<group>";
		};
/* End PBXGroup section */

/* Begin PBXNativeTarget section */
		927D146E303719810069C51D /* miraio */ = {
			isa = PBXNativeTarget;
			buildConfigurationList = 927D1492303719810069C51D /* Build configuration list for PBXNativeTarget "miraio" */;
			buildPhases = (
				927D146B303719810069C51D /* Sources */,
				927D146C303719810069C51D /* Frameworks */,
				927D146D303719810069C51D /* Resources */,
			);
			buildRules = (
			);
			dependencies = (
			);
			fileSystemSynchronizedGroups = (
				927D1471303719810069C51D /* miraio */,
			);
			name = miraio;
			packageProductDependencies = (
				A10000000000000000000101 /* MiraioDomain */,
				A10000000000000000000102 /* MiraioApplication */,
				A10000000000000000000103 /* Anime365Client */,
				A10000000000000000000104 /* MiraioCredentials */,
				A10000000000000000000105 /* MiraioWatchHistory */,
				A10000000000000000000106 /* MiraioPlayback */,
				A10000000000000000000107 /* MiraioASSRenderer */,
				A10000000000000000000108 /* MiraioArtwork */,
			);
			productName = miraio;
			productReference = 927D146F303719810069C51D /* Miraio.app */;
			productType = "com.apple.product-type.application";
		};
		927D147D303719810069C51D /* miraioTests */ = {
			isa = PBXNativeTarget;
			buildConfigurationList = 927D1495303719810069C51D /* Build configuration list for PBXNativeTarget "miraioTests" */;
			buildPhases = (
				927D147A303719810069C51D /* Sources */,
				927D147B303719810069C51D /* Frameworks */,
				927D147C303719810069C51D /* Resources */,
			);
			buildRules = (
			);
			dependencies = (
				927D1480303719810069C51D /* PBXTargetDependency */,
			);
			fileSystemSynchronizedGroups = (
				927D1481303719810069C51D /* miraioTests */,
			);
			name = miraioTests;
			packageProductDependencies = (
				A10000000000000000000109 /* MiraioApplication */,
			);
			productName = miraioTests;
			productReference = 927D147E303719810069C51D /* miraioTests.xctest */;
			productType = "com.apple.product-type.bundle.unit-test";
		};
		927D1487303719810069C51D /* miraioUITests */ = {
			isa = PBXNativeTarget;
			buildConfigurationList = 927D1498303719810069C51D /* Build configuration list for PBXNativeTarget "miraioUITests" */;
			buildPhases = (
				927D1484303719810069C51D /* Sources */,
				927D1485303719810069C51D /* Frameworks */,
				927D1486303719810069C51D /* Resources */,
			);
			buildRules = (
			);
			dependencies = (
				927D148A303719810069C51D /* PBXTargetDependency */,
			);
			fileSystemSynchronizedGroups = (
				927D148B303719810069C51D /* miraioUITests */,
			);
			name = miraioUITests;
			packageProductDependencies = (
			);
			productName = miraioUITests;
			productReference = 927D1488303719810069C51D /* miraioUITests.xctest */;
			productType = "com.apple.product-type.bundle.ui-testing";
		};
/* End PBXNativeTarget section */

/* Begin PBXProject section */
		927D1467303719810069C51D /* Project object */ = {
			isa = PBXProject;
			attributes = {
				BuildIndependentTargetsInParallel = 1;
				LastSwiftUpdateCheck = 2660;
				LastUpgradeCheck = 2660;
				TargetAttributes = {
					927D146E303719810069C51D = {
						CreatedOnToolsVersion = 26.6;
					};
					927D147D303719810069C51D = {
						CreatedOnToolsVersion = 26.6;
						TestTargetID = 927D146E303719810069C51D;
					};
					927D1487303719810069C51D = {
						CreatedOnToolsVersion = 26.6;
						TestTargetID = 927D146E303719810069C51D;
					};
				};
			};
			buildConfigurationList = 927D146A303719810069C51D /* Build configuration list for PBXProject "miraio" */;
			developmentRegion = en;
			hasScannedForEncodings = 0;
			knownRegions = (
				en,
				Base,
			);
			mainGroup = 927D1466303719810069C51D;
			minimizedProjectReferenceProxies = 1;
			preferredProjectObjectVersion = 77;
			productRefGroup = 927D1470303719810069C51D /* Products */;
			packageReferences = (
				A10000000000000000000201 /* XCLocalSwiftPackageReference "Packages/MiraioCore" */,
			);
			projectDirPath = "";
			projectRoot = "";
			targets = (
				927D146E303719810069C51D /* miraio */,
				927D147D303719810069C51D /* miraioTests */,
				927D1487303719810069C51D /* miraioUITests */,
			);
		};
/* End PBXProject section */

/* Begin PBXResourcesBuildPhase section */
		927D146D303719810069C51D /* Resources */ = {
			isa = PBXResourcesBuildPhase;
			buildActionMask = 2147483647;
			files = (
			);
			runOnlyForDeploymentPostprocessing = 0;
		};
		927D147C303719810069C51D /* Resources */ = {
			isa = PBXResourcesBuildPhase;
			buildActionMask = 2147483647;
			files = (
			);
			runOnlyForDeploymentPostprocessing = 0;
		};
		927D1486303719810069C51D /* Resources */ = {
			isa = PBXResourcesBuildPhase;
			buildActionMask = 2147483647;
			files = (
			);
			runOnlyForDeploymentPostprocessing = 0;
		};
/* End PBXResourcesBuildPhase section */

/* Begin PBXSourcesBuildPhase section */
		927D146B303719810069C51D /* Sources */ = {
			isa = PBXSourcesBuildPhase;
			buildActionMask = 2147483647;
			files = (
			);
			runOnlyForDeploymentPostprocessing = 0;
		};
		927D147A303719810069C51D /* Sources */ = {
			isa = PBXSourcesBuildPhase;
			buildActionMask = 2147483647;
			files = (
			);
			runOnlyForDeploymentPostprocessing = 0;
		};
		927D1484303719810069C51D /* Sources */ = {
			isa = PBXSourcesBuildPhase;
			buildActionMask = 2147483647;
			files = (
			);
			runOnlyForDeploymentPostprocessing = 0;
		};
/* End PBXSourcesBuildPhase section */

/* Begin PBXTargetDependency section */
		927D1480303719810069C51D /* PBXTargetDependency */ = {
			isa = PBXTargetDependency;
			target = 927D146E303719810069C51D /* miraio */;
			targetProxy = 927D147F303719810069C51D /* PBXContainerItemProxy */;
		};
		927D148A303719810069C51D /* PBXTargetDependency */ = {
			isa = PBXTargetDependency;
			target = 927D146E303719810069C51D /* miraio */;
			targetProxy = 927D1489303719810069C51D /* PBXContainerItemProxy */;
		};
/* End PBXTargetDependency section */

/* Begin XCBuildConfiguration section */
		927D1490303719810069C51D /* Debug */ = {
			isa = XCBuildConfiguration;
			buildSettings = {
				ALWAYS_SEARCH_USER_PATHS = NO;
				ASSETCATALOG_COMPILER_GENERATE_SWIFT_ASSET_SYMBOL_EXTENSIONS = YES;
				CLANG_ANALYZER_NONNULL = YES;
				CLANG_ANALYZER_NUMBER_OBJECT_CONVERSION = YES_AGGRESSIVE;
				CLANG_CXX_LANGUAGE_STANDARD = "gnu++20";
				CLANG_ENABLE_MODULES = YES;
				CLANG_ENABLE_OBJC_ARC = YES;
				CLANG_ENABLE_OBJC_WEAK = YES;
				CLANG_WARN_BLOCK_CAPTURE_AUTORELEASING = YES;
				CLANG_WARN_BOOL_CONVERSION = YES;
				CLANG_WARN_COMMA = YES;
				CLANG_WARN_CONSTANT_CONVERSION = YES;
				CLANG_WARN_DEPRECATED_OBJC_IMPLEMENTATIONS = YES;
				CLANG_WARN_DIRECT_OBJC_ISA_USAGE = YES_ERROR;
				CLANG_WARN_DOCUMENTATION_COMMENTS = YES;
				CLANG_WARN_EMPTY_BODY = YES;
				CLANG_WARN_ENUM_CONVERSION = YES;
				CLANG_WARN_INFINITE_RECURSION = YES;
				CLANG_WARN_INT_CONVERSION = YES;
				CLANG_WARN_NON_LITERAL_NULL_CONVERSION = YES;
				CLANG_WARN_OBJC_IMPLICIT_RETAIN_SELF = YES;
				CLANG_WARN_OBJC_LITERAL_CONVERSION = YES;
				CLANG_WARN_OBJC_ROOT_CLASS = YES_ERROR;
				CLANG_WARN_QUOTED_INCLUDE_IN_FRAMEWORK_HEADER = YES;
				CLANG_WARN_RANGE_LOOP_ANALYSIS = YES;
				CLANG_WARN_STRICT_PROTOTYPES = YES;
				CLANG_WARN_SUSPICIOUS_MOVE = YES;
				CLANG_WARN_UNGUARDED_AVAILABILITY = YES_AGGRESSIVE;
				CLANG_WARN_UNREACHABLE_CODE = YES;
				CLANG_WARN__DUPLICATE_METHOD_MATCH = YES;
				COPY_PHASE_STRIP = NO;
				DEBUG_INFORMATION_FORMAT = dwarf;
				ENABLE_STRICT_OBJC_MSGSEND = YES;
				ENABLE_TESTABILITY = YES;
				ENABLE_USER_SCRIPT_SANDBOXING = YES;
				GCC_C_LANGUAGE_STANDARD = gnu17;
				GCC_DYNAMIC_NO_PIC = NO;
				GCC_NO_COMMON_BLOCKS = YES;
				GCC_OPTIMIZATION_LEVEL = 0;
				GCC_PREPROCESSOR_DEFINITIONS = (
					"DEBUG=1",
					"$(inherited)",
				);
				GCC_WARN_64_TO_32_BIT_CONVERSION = YES;
				GCC_WARN_ABOUT_RETURN_TYPE = YES_ERROR;
				GCC_WARN_UNDECLARED_SELECTOR = YES;
				GCC_WARN_UNINITIALIZED_AUTOS = YES_AGGRESSIVE;
				GCC_WARN_UNUSED_FUNCTION = YES;
				GCC_WARN_UNUSED_VARIABLE = YES;
				LOCALIZATION_PREFERS_STRING_CATALOGS = YES;
				MTL_ENABLE_DEBUG_INFO = INCLUDE_SOURCE;
				MTL_FAST_MATH = YES;
				ONLY_ACTIVE_ARCH = YES;
				SWIFT_ACTIVE_COMPILATION_CONDITIONS = "DEBUG $(inherited)";
				SWIFT_OPTIMIZATION_LEVEL = "-Onone";
			};
			name = Debug;
		};
		927D1491303719810069C51D /* Release */ = {
			isa = XCBuildConfiguration;
			buildSettings = {
				ALWAYS_SEARCH_USER_PATHS = NO;
				ASSETCATALOG_COMPILER_GENERATE_SWIFT_ASSET_SYMBOL_EXTENSIONS = YES;
				CLANG_ANALYZER_NONNULL = YES;
				CLANG_ANALYZER_NUMBER_OBJECT_CONVERSION = YES_AGGRESSIVE;
				CLANG_CXX_LANGUAGE_STANDARD = "gnu++20";
				CLANG_ENABLE_MODULES = YES;
				CLANG_ENABLE_OBJC_ARC = YES;
				CLANG_ENABLE_OBJC_WEAK = YES;
				CLANG_WARN_BLOCK_CAPTURE_AUTORELEASING = YES;
				CLANG_WARN_BOOL_CONVERSION = YES;
				CLANG_WARN_COMMA = YES;
				CLANG_WARN_CONSTANT_CONVERSION = YES;
				CLANG_WARN_DEPRECATED_OBJC_IMPLEMENTATIONS = YES;
				CLANG_WARN_DIRECT_OBJC_ISA_USAGE = YES_ERROR;
				CLANG_WARN_DOCUMENTATION_COMMENTS = YES;
				CLANG_WARN_EMPTY_BODY = YES;
				CLANG_WARN_ENUM_CONVERSION = YES;
				CLANG_WARN_INFINITE_RECURSION = YES;
				CLANG_WARN_INT_CONVERSION = YES;
				CLANG_WARN_NON_LITERAL_NULL_CONVERSION = YES;
				CLANG_WARN_OBJC_IMPLICIT_RETAIN_SELF = YES;
				CLANG_WARN_OBJC_LITERAL_CONVERSION = YES;
				CLANG_WARN_OBJC_ROOT_CLASS = YES_ERROR;
				CLANG_WARN_QUOTED_INCLUDE_IN_FRAMEWORK_HEADER = YES;
				CLANG_WARN_RANGE_LOOP_ANALYSIS = YES;
				CLANG_WARN_STRICT_PROTOTYPES = YES;
				CLANG_WARN_SUSPICIOUS_MOVE = YES;
				CLANG_WARN_UNGUARDED_AVAILABILITY = YES_AGGRESSIVE;
				CLANG_WARN_UNREACHABLE_CODE = YES;
				CLANG_WARN__DUPLICATE_METHOD_MATCH = YES;
				COPY_PHASE_STRIP = NO;
				DEBUG_INFORMATION_FORMAT = "dwarf-with-dsym";
				ENABLE_NS_ASSERTIONS = NO;
				ENABLE_STRICT_OBJC_MSGSEND = YES;
				ENABLE_USER_SCRIPT_SANDBOXING = YES;
				GCC_C_LANGUAGE_STANDARD = gnu17;
				GCC_NO_COMMON_BLOCKS = YES;
				GCC_WARN_64_TO_32_BIT_CONVERSION = YES;
				GCC_WARN_ABOUT_RETURN_TYPE = YES_ERROR;
				GCC_WARN_UNDECLARED_SELECTOR = YES;
				GCC_WARN_UNINITIALIZED_AUTOS = YES_AGGRESSIVE;
				GCC_WARN_UNUSED_FUNCTION = YES;
				GCC_WARN_UNUSED_VARIABLE = YES;
				LOCALIZATION_PREFERS_STRING_CATALOGS = YES;
				MTL_ENABLE_DEBUG_INFO = NO;
				MTL_FAST_MATH = YES;
				SWIFT_COMPILATION_MODE = wholemodule;
			};
			name = Release;
		};
		927D1493303719810069C51D /* Debug */ = {
			isa = XCBuildConfiguration;
			baseConfigurationReference = A20000000000000000000001 /* Shared.xcconfig */;
			buildSettings = {
				ASSETCATALOG_COMPILER_APPICON_NAME = AppIcon;
				ASSETCATALOG_COMPILER_GLOBAL_ACCENT_COLOR_NAME = AccentColor;
				CODE_SIGN_STYLE = Automatic;
				ENABLE_PREVIEWS = YES;
				STRING_CATALOG_GENERATE_SYMBOLS = YES;
				SWIFT_APPROACHABLE_CONCURRENCY = YES;
				SWIFT_DEFAULT_ACTOR_ISOLATION = MainActor;
				SWIFT_EMIT_LOC_STRINGS = YES;
				SWIFT_UPCOMING_FEATURE_MEMBER_IMPORT_VISIBILITY = YES;
				SWIFT_VERSION = 5.0;
			};
			name = Debug;
		};
		927D1494303719810069C51D /* Release */ = {
			isa = XCBuildConfiguration;
			baseConfigurationReference = A20000000000000000000001 /* Shared.xcconfig */;
			buildSettings = {
				ASSETCATALOG_COMPILER_APPICON_NAME = AppIcon;
				ASSETCATALOG_COMPILER_GLOBAL_ACCENT_COLOR_NAME = AccentColor;
				CODE_SIGN_STYLE = Automatic;
				ENABLE_PREVIEWS = YES;
				STRING_CATALOG_GENERATE_SYMBOLS = YES;
				SWIFT_APPROACHABLE_CONCURRENCY = YES;
				SWIFT_DEFAULT_ACTOR_ISOLATION = MainActor;
				SWIFT_EMIT_LOC_STRINGS = YES;
				SWIFT_UPCOMING_FEATURE_MEMBER_IMPORT_VISIBILITY = YES;
				SWIFT_VERSION = 5.0;
			};
			name = Release;
		};
		927D1496303719810069C51D /* Debug */ = {
			isa = XCBuildConfiguration;
			buildSettings = {
				BUNDLE_LOADER = "$(TEST_HOST)";
				CODE_SIGN_STYLE = Automatic;
				CURRENT_PROJECT_VERSION = 1;
				GENERATE_INFOPLIST_FILE = YES;
				MACOSX_DEPLOYMENT_TARGET = 26.0;
				MARKETING_VERSION = 1.0;
				PRODUCT_BUNDLE_IDENTIFIER = com.gridness.miraioTests;
				PRODUCT_NAME = "$(TARGET_NAME)";
				SDKROOT = macosx;
				STRING_CATALOG_GENERATE_SYMBOLS = NO;
				SUPPORTED_PLATFORMS = macosx;
				SWIFT_APPROACHABLE_CONCURRENCY = YES;
				SWIFT_EMIT_LOC_STRINGS = NO;
				SWIFT_UPCOMING_FEATURE_MEMBER_IMPORT_VISIBILITY = YES;
				SWIFT_VERSION = 5.0;
				TEST_HOST = "$(BUILT_PRODUCTS_DIR)/Miraio.app/$(BUNDLE_EXECUTABLE_FOLDER_PATH)/Miraio";
			};
			name = Debug;
		};
		927D1497303719810069C51D /* Release */ = {
			isa = XCBuildConfiguration;
			buildSettings = {
				BUNDLE_LOADER = "$(TEST_HOST)";
				CODE_SIGN_STYLE = Automatic;
				CURRENT_PROJECT_VERSION = 1;
				GENERATE_INFOPLIST_FILE = YES;
				MACOSX_DEPLOYMENT_TARGET = 26.0;
				MARKETING_VERSION = 1.0;
				PRODUCT_BUNDLE_IDENTIFIER = com.gridness.miraioTests;
				PRODUCT_NAME = "$(TARGET_NAME)";
				SDKROOT = macosx;
				STRING_CATALOG_GENERATE_SYMBOLS = NO;
				SUPPORTED_PLATFORMS = macosx;
				SWIFT_APPROACHABLE_CONCURRENCY = YES;
				SWIFT_EMIT_LOC_STRINGS = NO;
				SWIFT_UPCOMING_FEATURE_MEMBER_IMPORT_VISIBILITY = YES;
				SWIFT_VERSION = 5.0;
				TEST_HOST = "$(BUILT_PRODUCTS_DIR)/Miraio.app/$(BUNDLE_EXECUTABLE_FOLDER_PATH)/Miraio";
			};
			name = Release;
		};
		927D1499303719810069C51D /* Debug */ = {
			isa = XCBuildConfiguration;
			buildSettings = {
				CODE_SIGN_STYLE = Automatic;
				CURRENT_PROJECT_VERSION = 1;
				GENERATE_INFOPLIST_FILE = YES;
				MACOSX_DEPLOYMENT_TARGET = 26.0;
				MARKETING_VERSION = 1.0;
				PRODUCT_BUNDLE_IDENTIFIER = com.gridness.miraioUITests;
				PRODUCT_NAME = "$(TARGET_NAME)";
				SDKROOT = macosx;
				STRING_CATALOG_GENERATE_SYMBOLS = NO;
				SUPPORTED_PLATFORMS = macosx;
				SWIFT_APPROACHABLE_CONCURRENCY = YES;
				SWIFT_EMIT_LOC_STRINGS = NO;
				SWIFT_UPCOMING_FEATURE_MEMBER_IMPORT_VISIBILITY = YES;
				SWIFT_VERSION = 5.0;
				TEST_TARGET_NAME = miraio;
			};
			name = Debug;
		};
		927D149A303719810069C51D /* Release */ = {
			isa = XCBuildConfiguration;
			buildSettings = {
				CODE_SIGN_STYLE = Automatic;
				CURRENT_PROJECT_VERSION = 1;
				GENERATE_INFOPLIST_FILE = YES;
				MACOSX_DEPLOYMENT_TARGET = 26.0;
				MARKETING_VERSION = 1.0;
				PRODUCT_BUNDLE_IDENTIFIER = com.gridness.miraioUITests;
				PRODUCT_NAME = "$(TARGET_NAME)";
				SDKROOT = macosx;
				STRING_CATALOG_GENERATE_SYMBOLS = NO;
				SUPPORTED_PLATFORMS = macosx;
				SWIFT_APPROACHABLE_CONCURRENCY = YES;
				SWIFT_EMIT_LOC_STRINGS = NO;
				SWIFT_UPCOMING_FEATURE_MEMBER_IMPORT_VISIBILITY = YES;
				SWIFT_VERSION = 5.0;
				TEST_TARGET_NAME = miraio;
			};
			name = Release;
		};
		A20000000000000000000101 /* Homebrew */ = {
			isa = XCBuildConfiguration;
			buildSettings = {
				ALWAYS_SEARCH_USER_PATHS = NO;
				CLANG_ENABLE_MODULES = YES;
				CLANG_ENABLE_OBJC_ARC = YES;
				COPY_PHASE_STRIP = YES;
				DEBUG_INFORMATION_FORMAT = "dwarf-with-dsym";
				ENABLE_NS_ASSERTIONS = NO;
				ENABLE_USER_SCRIPT_SANDBOXING = YES;
				GCC_C_LANGUAGE_STANDARD = gnu17;
				GCC_NO_COMMON_BLOCKS = YES;
			};
			name = Homebrew;
		};
		A20000000000000000000102 /* Store */ = {
			isa = XCBuildConfiguration;
			buildSettings = {
				ALWAYS_SEARCH_USER_PATHS = NO;
				CLANG_ENABLE_MODULES = YES;
				CLANG_ENABLE_OBJC_ARC = YES;
				COPY_PHASE_STRIP = YES;
				DEBUG_INFORMATION_FORMAT = "dwarf-with-dsym";
				ENABLE_NS_ASSERTIONS = NO;
				ENABLE_USER_SCRIPT_SANDBOXING = YES;
				GCC_C_LANGUAGE_STANDARD = gnu17;
				GCC_NO_COMMON_BLOCKS = YES;
			};
			name = Store;
		};
		A20000000000000000000103 /* Homebrew */ = {
			isa = XCBuildConfiguration;
			baseConfigurationReference = A20000000000000000000002 /* Homebrew.xcconfig */;
			buildSettings = {
				ASSETCATALOG_COMPILER_APPICON_NAME = AppIcon;
				ASSETCATALOG_COMPILER_GLOBAL_ACCENT_COLOR_NAME = AccentColor;
				ENABLE_PREVIEWS = YES;
				STRING_CATALOG_GENERATE_SYMBOLS = YES;
				SWIFT_APPROACHABLE_CONCURRENCY = YES;
				SWIFT_DEFAULT_ACTOR_ISOLATION = MainActor;
				SWIFT_EMIT_LOC_STRINGS = YES;
				SWIFT_UPCOMING_FEATURE_MEMBER_IMPORT_VISIBILITY = YES;
				SWIFT_VERSION = 5.0;
			};
			name = Homebrew;
		};
		A20000000000000000000104 /* Store */ = {
			isa = XCBuildConfiguration;
			baseConfigurationReference = A20000000000000000000003 /* Store.xcconfig */;
			buildSettings = {
				ASSETCATALOG_COMPILER_APPICON_NAME = AppIcon;
				ASSETCATALOG_COMPILER_GLOBAL_ACCENT_COLOR_NAME = AccentColor;
				ENABLE_PREVIEWS = YES;
				STRING_CATALOG_GENERATE_SYMBOLS = YES;
				SWIFT_APPROACHABLE_CONCURRENCY = YES;
				SWIFT_DEFAULT_ACTOR_ISOLATION = MainActor;
				SWIFT_EMIT_LOC_STRINGS = YES;
				SWIFT_UPCOMING_FEATURE_MEMBER_IMPORT_VISIBILITY = YES;
				SWIFT_VERSION = 5.0;
			};
			name = Store;
		};
/* End XCBuildConfiguration section */

/* Begin XCConfigurationList section */
		927D146A303719810069C51D /* Build configuration list for PBXProject "miraio" */ = {
			isa = XCConfigurationList;
			buildConfigurations = (
				927D1490303719810069C51D /* Debug */,
				927D1491303719810069C51D /* Release */,
				A20000000000000000000101 /* Homebrew */,
				A20000000000000000000102 /* Store */,
			);
			defaultConfigurationIsVisible = 0;
			defaultConfigurationName = Release;
		};
		927D1492303719810069C51D /* Build configuration list for PBXNativeTarget "miraio" */ = {
			isa = XCConfigurationList;
			buildConfigurations = (
				927D1493303719810069C51D /* Debug */,
				927D1494303719810069C51D /* Release */,
				A20000000000000000000103 /* Homebrew */,
				A20000000000000000000104 /* Store */,
			);
			defaultConfigurationIsVisible = 0;
			defaultConfigurationName = Release;
		};
		927D1495303719810069C51D /* Build configuration list for PBXNativeTarget "miraioTests" */ = {
			isa = XCConfigurationList;
			buildConfigurations = (
				927D1496303719810069C51D /* Debug */,
				927D1497303719810069C51D /* Release */,
			);
			defaultConfigurationIsVisible = 0;
			defaultConfigurationName = Release;
		};
		927D1498303719810069C51D /* Build configuration list for PBXNativeTarget "miraioUITests" */ = {
			isa = XCConfigurationList;
			buildConfigurations = (
				927D1499303719810069C51D /* Debug */,
				927D149A303719810069C51D /* Release */,
			);
			defaultConfigurationIsVisible = 0;
			defaultConfigurationName = Release;
		};
/* End XCConfigurationList section */

/* Begin XCLocalSwiftPackageReference section */
		A10000000000000000000201 /* XCLocalSwiftPackageReference "Packages/MiraioCore" */ = {
			isa = XCLocalSwiftPackageReference;
			relativePath = Packages/MiraioCore;
		};
/* End XCLocalSwiftPackageReference section */

/* Begin XCSwiftPackageProductDependency section */
		A10000000000000000000101 /* MiraioDomain */ = {isa = XCSwiftPackageProductDependency; productName = MiraioDomain; };
		A10000000000000000000102 /* MiraioApplication */ = {isa = XCSwiftPackageProductDependency; productName = MiraioApplication; };
		A10000000000000000000103 /* Anime365Client */ = {isa = XCSwiftPackageProductDependency; productName = Anime365Client; };
		A10000000000000000000104 /* MiraioCredentials */ = {isa = XCSwiftPackageProductDependency; productName = MiraioCredentials; };
		A10000000000000000000105 /* MiraioWatchHistory */ = {isa = XCSwiftPackageProductDependency; productName = MiraioWatchHistory; };
		A10000000000000000000106 /* MiraioPlayback */ = {isa = XCSwiftPackageProductDependency; productName = MiraioPlayback; };
		A10000000000000000000107 /* MiraioASSRenderer */ = {isa = XCSwiftPackageProductDependency; productName = MiraioASSRenderer; };
		A10000000000000000000108 /* MiraioArtwork */ = {isa = XCSwiftPackageProductDependency; productName = MiraioArtwork; };
		A10000000000000000000109 /* MiraioApplication */ = {isa = XCSwiftPackageProductDependency; productName = MiraioApplication; };
/* End XCSwiftPackageProductDependency section */
	};
	rootObject = 927D1467303719810069C51D /* Project object */;
}
