<?xml version="1.0" encoding="UTF-8"?>
<Scheme LastUpgradeVersion = "2660" version = "2.1">
   <BuildAction parallelizeBuildables = "YES" buildImplicitDependencies = "YES" buildArchitectures = "Automatic">
      <BuildActionEntries>
         <BuildActionEntry buildForTesting = "YES" buildForRunning = "NO" buildForProfiling = "NO" buildForArchiving = "NO" buildForAnalyzing = "YES">
            <BuildableReference
               BuildableIdentifier = "primary"
               BlueprintIdentifier = "927D146E303719810069C51D"
               BuildableName = "Miraio.app"
               BlueprintName = "miraio"
               ReferencedContainer = "container:miraio.xcodeproj">
            </BuildableReference>
         </BuildActionEntry>
      </BuildActionEntries>
   </BuildAction>
   <TestAction
      buildConfiguration = "Debug"
      selectedDebuggerIdentifier = "Xcode.DebuggerFoundation.Debugger.LLDB"
      selectedLauncherIdentifier = "Xcode.DebuggerFoundation.Launcher.LLDB"
      shouldUseLaunchSchemeArgsEnv = "YES"
      shouldAutocreateTestPlan = "YES">
      <Testables>
         <TestableReference skipped = "NO" parallelizable = "YES">
            <BuildableReference
               BuildableIdentifier = "primary"
               BlueprintIdentifier = "927D147D303719810069C51D"
               BuildableName = "miraioTests.xctest"
               BlueprintName = "miraioTests"
               ReferencedContainer = "container:miraio.xcodeproj">
            </BuildableReference>
         </TestableReference>
      </Testables>
   </TestAction>
   <AnalyzeAction buildConfiguration = "Debug">
   </AnalyzeAction>
</Scheme>
